// !$*UTF8*$!
{
	archiveVersion = 1;
	classes = {
	};
	objectVersion = 46;
	objects = {

/* Begin PBXBuildFile section */
		1849DC971557D09800703F74 /* CForecastViewController.m in Sources */ = {isa = PBXBuildFile; fileRef = 1849DC961557D09800703F74 /* CForecastViewController.m */; };
		1849DC9A1557E06C00703F74 /* CAnnotation.m in Sources */ = {isa = PBXBuildFile; fileRef = 1849DC991557E06C00703F74 /* CAnnotation.m */; };
		1883B90C155907A900927338 /* CForecastView.m in Sources */ = {isa = PBXBuildFile; fileRef = 1883B90B155907A900927338 /* CForecastView.m */; };
		1883B91015590CD600927338 /* bg.png in Resources */ = {isa = PBXBuildFile; fileRef = 1883B90F15590CD600927338 /* bg.png */; };
		188433C615579FC10014C223 /* UIKit.framework in Frameworks */ = {isa = PBXBuildFile; fileRef = 188433C515579FC10014C223 /* UIKit.framework */; };
		188433C815579FC10014C223 /* Foundation.framework in Frameworks */ = {isa = PBXBuildFile; fileRef = 188433C715579FC10014C223 /* Foundation.framework */; };
		188433CA15579FC10014C223 /* CoreGraphics.framework in Frameworks */ = {isa = PBXBuildFile; fileRef = 188433C915579FC10014C223 /* CoreGraphics.framework */; };
		188433CC15579FC10014C223 /* CoreData.framework in Frameworks */ = {isa = PBXBuildFile; fileRef = 188433CB15579FC10014C223 /* CoreData.framework */; };
		188433D215579FC10014C223 /* InfoPlist.strings in Resources */ = {isa = PBXBuildFile; fileRef = 188433D015579FC10014C223 /* InfoPlist.strings */; };
		188433D415579FC10014C223 /* main.m in Sources */ = {isa = PBXBuildFile; fileRef = 188433D315579FC10014C223 /* main.m */; };
		188433D815579FC10014C223 /* CAppDelegate.m in Sources */ = {isa = PBXBuildFile; fileRef = 188433D715579FC10014C223 /* CAppDelegate.m */; };
		188433DB15579FC10014C223 /* WeatherMap.xcdatamodeld in Sources */ = {isa = PBXBuildFile; fileRef = 188433D915579FC10014C223 /* WeatherMap.xcdatamodeld */; };
		188433E315579FC10014C223 /* SenTestingKit.framework in Frameworks */ = {isa = PBXBuildFile; fileRef = 188433E215579FC10014C223 /* SenTestingKit.framework */; };
		188433E415579FC10014C223 /* UIKit.framework in Frameworks */ = {isa = PBXBuildFile; fileRef = 188433C515579FC10014C223 /* UIKit.framework */; };
		188433E515579FC10014C223 /* Foundation.framework in Frameworks */ = {isa = PBXBuildFile; fileRef = 188433C715579FC10014C223 /* Foundation.framework */; };
		188433E615579FC10014C223 /* CoreData.framework in Frameworks */ = {isa = PBXBuildFile; fileRef = 188433CB15579FC10014C223 /* CoreData.framework */; };
		188433EE15579FC10014C223 /* InfoPlist.strings in Resources */ = {isa = PBXBuildFile; fileRef = 188433EC15579FC10014C223 /* InfoPlist.strings */; };
		188433F115579FC10014C223 /* WeatherMapTests.m in Sources */ = {isa = PBXBuildFile; fileRef = 188433F015579FC10014C223 /* WeatherMapTests.m */; };
		188433FF1557A0910014C223 /* CGlobals.m in Sources */ = {isa = PBXBuildFile; fileRef = 188433FE1557A0910014C223 /* CGlobals.m */; };
		188434011557A15D0014C223 /* MapKit.framework in Frameworks */ = {isa = PBXBuildFile; fileRef = 188434001557A15D0014C223 /* MapKit.framework */; };
		188434041557A1C10014C223 /* CMapViewController.m in Sources */ = {isa = PBXBuildFile; fileRef = 188434031557A1C10014C223 /* CMapViewController.m */; };
		1884343C1557B5B60014C223 /* CCommunicator.m in Sources */ = {isa = PBXBuildFile; fileRef = 1884343B1557B5B60014C223 /* CCommunicator.m */; };
		1884343D1557BB8D0014C223 /* CCommunicator.m in Sources */ = {isa = PBXBuildFile; fileRef = 1884343B1557B5B60014C223 /* CCommunicator.m */; };
/* End PBXBuildFile section */

/* Begin PBXContainerItemProxy section */
		188433E715579FC10014C223 /* PBXContainerItemProxy */ = {
			isa = PBXContainerItemProxy;
			containerPortal = 188433B815579FC10014C223 /* Project object */;
			proxyType = 1;
			remoteGlobalIDString = 188433C015579FC10014C223;
			remoteInfo = WeatherMap;
		};
/* End PBXContainerItemProxy section */

/* Begin PBXFileReference section */
		1849DC951557D09800703F74 /* CForecastViewController.h */ = {isa = PBXFileReference; fileEncoding = 4; lastKnownFileType = sourcecode.c.h; path = CForecastViewController.h; sourceTree = "<group>"; };
		1849DC961557D09800703F74 /* CForecastViewController.m */ = {isa = PBXFileReference; fileEncoding = 4; lastKnownFileType = sourcecode.c.objc; path = CForecastViewController.m; sourceTree = "<group>"; };
		1849DC981557E06C00703F74 /* CAnnotation.h */ = {isa = PBXFileReference; fileEncoding = 4; lastKnownFileType = sourcecode.c.h; path = CAnnotation.h; sourceTree = "<group>"; };
		1849DC991557E06C00703F74 /* CAnnotation.m */ = {isa = PBXFileReference; fileEncoding = 4; lastKnownFileType = sourcecode.c.objc; path = CAnnotation.m; sourceTree = "<group>"; };
		1883B90A155907A900927338 /* CForecastView.h */ = {isa = PBXFileReference; fileEncoding = 4; lastKnownFileType = sourcecode.c.h; path = CForecastView.h; sourceTree = "<group>"; };
		1883B90B155907A900927338 /* CForecastView.m */ = {isa = PBXFileReference; fileEncoding = 4; lastKnownFileType = sourcecode.c.objc; path = CForecastView.m; sourceTree = "<group>"; };
		1883B90F15590CD600927338 /* bg.png */ = {isa = PBXFileReference; lastKnownFileType = image.png; path = bg.png; sourceTree = "<group>"; };
		188433C115579FC10014C223 /* WeatherMap.app */ = {isa = PBXFileReference; explicitFileType = wrapper.application; includeInIndex = 0; path = WeatherMap.app; sourceTree = BUILT_PRODUCTS_DIR; };
		188433C515579FC10014C223 /* UIKit.framework */ = {isa = PBXFileReference; lastKnownFileType = wrapper.framework; name = UIKit.framework; path = System/Library/Frameworks/UIKit.framework; sourceTree = SDKROOT; };
		188433C715579FC10014C223 /* Foundation.framework */ = {isa = PBXFileReference; lastKnownFileType = wrapper.framework; name = Foundation.framework; path = System/Library/Frameworks/Foundation.framework; sourceTree = SDKROOT; };
		188433C915579FC10014C223 /* CoreGraphics.framework */ = {isa = PBXFileReference; lastKnownFileType = wrapper.framework; name = CoreGraphics.framework; path = System/Library/Frameworks/CoreGraphics.framework; sourceTree = SDKROOT; };
		188433CB15579FC10014C223 /* CoreData.framework */ = {isa = PBXFileReference; lastKnownFileType = wrapper.framework; name = CoreData.framework; path = System/Library/Frameworks/CoreData.framework; sourceTree = SDKROOT; };
		188433CF15579FC10014C223 /* WeatherMap-Info.plist */ = {isa = PBXFileReference; lastKnownFileType = text.plist.xml; path = "WeatherMap-Info.plist"; sourceTree = "<group>"; };
		188433D115579FC10014C223 /* en */ = {isa = PBXFileReference; lastKnownFileType = text.plist.strings; name = en; path = en.lproj/InfoPlist.strings; sourceTree = "<group>"; };
		188433D315579FC10014C223 /* main.m */ = {isa = PBXFileReference; lastKnownFileType = sourcecode.c.objc; path = main.m; sourceTree = "<group>"; };
		188433D515579FC10014C223 /* WeatherMap-Prefix.pch */ = {isa = PBXFileReference; lastKnownFileType = sourcecode.c.h; path = "WeatherMap-Prefix.pch"; sourceTree = "<group>"; };
		188433D615579FC10014C223 /* CAppDelegate.h */ = {isa = PBXFileReference; lastKnownFileType = sourcecode.c.h; path = CAppDelegate.h; sourceTree = "<group>"; };
		188433D715579FC10014C223 /* CAppDelegate.m */ = {isa = PBXFileReference; lastKnownFileType = sourcecode.c.objc; path = CAppDelegate.m; sourceTree = "<group>"; };
		188433DA15579FC10014C223 /* WeatherMap.xcdatamodel */ = {isa = PBXFileReference; lastKnownFileType = wrapper.xcdatamodel; path = WeatherMap.xcdatamodel; sourceTree = "<group>"; };
		188433E115579FC10014C223 /* WeatherMapTests.octest */ = {isa = PBXFileReference; explicitFileType = wrapper.cfbundle; includeInIndex = 0; path = WeatherMapTests.octest; sourceTree = BUILT_PRODUCTS_DIR; };
		188433E215579FC10014C223 /* SenTestingKit.framework */ = {isa = PBXFileReference; lastKnownFileType = wrapper.framework; name = SenTestingKit.framework; path = Library/Frameworks/SenTestingKit.framework; sourceTree = DEVELOPER_DIR; };
		188433EB15579FC10014C223 /* WeatherMapTests-Info.plist */ = {isa = PBXFileReference; lastKnownFileType = text.plist.xml; path = "WeatherMapTests-Info.plist"; sourceTree = "<group>"; };
		188433ED15579FC10014C223 /* en */ = {isa = PBXFileReference; lastKnownFileType = text.plist.strings; name = en; path = en.lproj/InfoPlist.strings; sourceTree = "<group>"; };
		188433EF15579FC10014C223 /* WeatherMapTests.h */ = {isa = PBXFileReference; lastKnownFileType = sourcecode.c.h; path = WeatherMapTests.h; sourceTree = "<group>"; };
		188433F015579FC10014C223 /* WeatherMapTests.m */ = {isa = PBXFileReference; lastKnownFileType = sourcecode.c.objc; path = WeatherMapTests.m; sourceTree = "<group>"; };
		188433FC1557A0680014C223 /* Constants.h */ = {isa = PBXFileReference; lastKnownFileType = sourcecode.c.h; path = Constants.h; sourceTree = "<group>"; };
		188433FD1557A0910014C223 /* CGlobals.h */ = {isa = PBXFileReference; fileEncoding = 4; lastKnownFileType = sourcecode.c.h; path = CGlobals.h; sourceTree = "<group>"; };
		188433FE1557A0910014C223 /* CGlobals.m */ = {isa = PBXFileReference; fileEncoding = 4; lastKnownFileType = sourcecode.c.objc; path = CGlobals.m; sourceTree = "<group>"; };
		188434001557A15D0014C223 /* MapKit.framework */ = {isa = PBXFileReference; lastKnownFileType = wrapper.framework; name = MapKit.framework; path = System/Library/Frameworks/MapKit.framework; sourceTree = SDKROOT; };
		188434021557A1C10014C223 /* CMapViewController.h */ = {isa = PBXFileReference; fileEncoding = 4; lastKnownFileType = sourcecode.c.h; path = CMapViewController.h; sourceTree = "<group>"; };
		188434031557A1C10014C223 /* CMapViewController.m */ = {isa = PBXFileReference; fileEncoding = 4; lastKnownFileType = sourcecode.c.objc; path = CMapViewController.m; sourceTree = "<group>"; };
		1884343A1557B5B60014C223 /* CCommunicator.h */ = {isa = PBXFileReference; fileEncoding = 4; lastKnownFileType = sourcecode.c.h; path = CCommunicator.h; sourceTree = "<group>"; };
		1884343B1557B5B60014C223 /* CCommunicator.m */ = {isa = PBXFileReference; fileEncoding = 4; lastKnownFileType = sourcecode.c.objc; path = CCommunicator.m; sourceTree = "<group>"; };
/* End PBXFileReference section */

/* Begin PBXFrameworksBuildPhase section */
		188433BE15579FC10014C223 /* Frameworks */ = {
			isa = PBXFrameworksBuildPhase;
			buildActionMask = 2147483647;
			files = (
				188434011557A15D0014C223 /* MapKit.framework in Frameworks */,
				188433C615579FC10014C223 /* UIKit.framework in Frameworks */,
				188433C815579FC10014C223 /* Foundation.framework in Frameworks */,
				188433CA15579FC10014C223 /* CoreGraphics.framework in Frameworks */,
				188433CC15579FC10014C223 /* CoreData.framework in Frameworks */,
			);
			runOnlyForDeploymentPostprocessing = 0;
		};
		188433DD15579FC10014C223 /* Frameworks */ = {
			isa = PBXFrameworksBuildPhase;
			buildActionMask = 2147483647;
			files = (
				188433E315579FC10014C223 /* SenTestingKit.framework in Frameworks */,
				188433E415579FC10014C223 /* UIKit.framework in Frameworks */,
				188433E515579FC10014C223 /* Foundation.framework in Frameworks */,
				188433E615579FC10014C223 /* CoreData.framework in Frameworks */,
			);
			runOnlyForDeploymentPostprocessing = 0;
		};
/* End PBXFrameworksBuildPhase section */

/* Begin PBXGroup section */
		1849DC901557C9D500703F74 /* views */ = {
			isa = PBXGroup;
			children = (
				1849DC981557E06C00703F74 /* CAnnotation.h */,
				1849DC991557E06C00703F74 /* CAnnotation.m */,
				1883B90A155907A900927338 /* CForecastView.h */,
				1883B90B155907A900927338 /* CForecastView.m */,
			);
			name = views;
			sourceTree = "<group>";
		};
		1883B90E15590CB700927338 /* images */ = {
			isa = PBXGroup;
			children = (
				1883B90F15590CD600927338 /* bg.png */,
			);
			name = images;
			sourceTree = "<group>";
		};
		188433B615579FC10014C223 = {
			isa = PBXGroup;
			children = (
				188433CD15579FC10014C223 /* WeatherMap */,
				188433E915579FC10014C223 /* WeatherMapTests */,
				188433C415579FC10014C223 /* Frameworks */,
				188433C215579FC10014C223 /* Products */,
			);
			sourceTree = "<group>";
		};
		188433C215579FC10014C223 /* Products */ = {
			isa = PBXGroup;
			children = (
				188433C115579FC10014C223 /* WeatherMap.app */,
				188433E115579FC10014C223 /* WeatherMapTests.octest */,
			);
			name = Products;
			sourceTree = "<group>";
		};
		188433C415579FC10014C223 /* Frameworks */ = {
			isa = PBXGroup;
			children = (
				188434001557A15D0014C223 /* MapKit.framework */,
				188433C515579FC10014C223 /* UIKit.framework */,
				188433C715579FC10014C223 /* Foundation.framework */,
				188433C915579FC10014C223 /* CoreGraphics.framework */,
				188433CB15579FC10014C223 /* CoreData.framework */,
				188433E215579FC10014C223 /* SenTestingKit.framework */,
			);
			name = Frameworks;
			sourceTree = "<group>";
		};
		188433CD15579FC10014C223 /* WeatherMap */ = {
			isa = PBXGroup;
			children = (
				1849DC901557C9D500703F74 /* views */,
				188433FB1557A02B0014C223 /* controllers */,
				188433FA1557A01E0014C223 /* utils */,
				188433D615579FC10014C223 /* CAppDelegate.h */,
				188433D715579FC10014C223 /* CAppDelegate.m */,
				188433D915579FC10014C223 /* WeatherMap.xcdatamodeld */,
				188433CE15579FC10014C223 /* Supporting Files */,
			);
			path = WeatherMap;
			sourceTree = "<group>";
		};
		188433CE15579FC10014C223 /* Supporting Files */ = {
			isa = PBXGroup;
			children = (
				1883B90E15590CB700927338 /* images */,
				188433CF15579FC10014C223 /* WeatherMap-Info.plist */,
				188433D015579FC10014C223 /* InfoPlist.strings */,
				188433D315579FC10014C223 /* main.m */,
				188433D515579FC10014C223 /* WeatherMap-Prefix.pch */,
			);
			name = "Supporting Files";
			sourceTree = "<group>";
		};
		188433E915579FC10014C223 /* WeatherMapTests */ = {
			isa = PBXGroup;
			children = (
				188433EF15579FC10014C223 /* WeatherMapTests.h */,
				188433F015579FC10014C223 /* WeatherMapTests.m */,
				188433EA15579FC10014C223 /* Supporting Files */,
			);
			path = WeatherMapTests;
			sourceTree = "<group>";
		};
		188433EA15579FC10014C223 /* Supporting Files */ = {
			isa = PBXGroup;
			children = (
				188433EB15579FC10014C223 /* WeatherMapTests-Info.plist */,
				188433EC15579FC10014C223 /* InfoPlist.strings */,
			);
			name = "Supporting Files";
			sourceTree = "<group>";
		};
		188433FA1557A01E0014C223 /* utils */ = {
			isa = PBXGroup;
			children = (
				188433FC1557A0680014C223 /* Constants.h */,
				1884343A1557B5B60014C223 /* CCommunicator.h */,
				1884343B1557B5B60014C223 /* CCommunicator.m */,
				188433FD1557A0910014C223 /* CGlobals.h */,
				188433FE1557A0910014C223 /* CGlobals.m */,
			);
			name = utils;
			sourceTree = "<group>";
		};
		188433FB1557A02B0014C223 /* controllers */ = {
			isa = PBXGroup;
			children = (
				188434021557A1C10014C223 /* CMapViewController.h */,
				188434031557A1C10014C223 /* CMapViewController.m */,
				1849DC951557D09800703F74 /* CForecastViewController.h */,
				1849DC961557D09800703F74 /* CForecastViewController.m */,
			);
			name = controllers;
			sourceTree = "<group>";
		};
/* End PBXGroup section */

/* Begin PBXNativeTarget section */
		188433C015579FC10014C223 /* WeatherMap */ = {
			isa = PBXNativeTarget;
			buildConfigurationList = 188433F415579FC10014C223 /* Build configuration list for PBXNativeTarget "WeatherMap" */;
			buildPhases = (
				188433BD15579FC10014C223 /* Sources */,
				188433BE15579FC10014C223 /* Frameworks */,
				188433BF15579FC10014C223 /* Resources */,
			);
			buildRules = (
			);
			dependencies = (
			);
			name = WeatherMap;
			productName = WeatherMap;
			productReference = 188433C115579FC10014C223 /* WeatherMap.app */;
			productType = "com.apple.product-type.application";
		};
		188433E015579FC10014C223 /* WeatherMapTests */ = {
			isa = PBXNativeTarget;
			buildConfigurationList = 188433F715579FC10014C223 /* Build configuration list for PBXNativeTarget "WeatherMapTests" */;
			buildPhases = (
				188433DC15579FC10014C223 /* Sources */,
				188433DD15579FC10014C223 /* Frameworks */,
				188433DE15579FC10014C223 /* Resources */,
				188433DF15579FC10014C223 /* ShellScript */,
			);
			buildRules = (
			);
			dependencies = (
				188433E815579FC10014C223 /* PBXTargetDependency */,
			);
			name = WeatherMapTests;
			productName = WeatherMapTests;
			productReference = 188433E115579FC10014C223 /* WeatherMapTests.octest */;
			productType = "com.apple.product-type.bundle";
		};
/* End PBXNativeTarget section */

/* Begin PBXProject section */
		188433B815579FC10014C223 /* Project object */ = {
			isa = PBXProject;
			attributes = {
				CLASSPREFIX = C;
				LastUpgradeCheck = 0430;
			};
			buildConfigurationList = 188433BB15579FC10014C223 /* Build configuration list for PBXProject "WeatherMap" */;
			compatibilityVersion = "Xcode 3.2";
			developmentRegion = English;
			hasScannedForEncodings = 0;
			knownRegions = (
				en,
			);
			mainGroup = 188433B615579FC10014C223;
			productRefGroup = 188433C215579FC10014C223 /* Products */;
			projectDirPath = "";
			projectRoot = "";
			targets = (
				188433C015579FC10014C223 /* WeatherMap */,
				188433E015579FC10014C223 /* WeatherMapTests */,
			);
		};
/* End PBXProject section */

/* Begin PBXResourcesBuildPhase section */
		188433BF15579FC10014C223 /* Resources */ = {
			isa = PBXResourcesBuildPhase;
			buildActionMask = 2147483647;
			files = (
				188433D215579FC10014C223 /* InfoPlist.strings in Resources */,
				1883B91015590CD600927338 /* bg.png in Resources */,
			);
			runOnlyForDeploymentPostprocessing = 0;
		};
		188433DE15579FC10014C223 /* Resources */ = {
			isa = PBXResourcesBuildPhase;
			buildActionMask = 2147483647;
			files = (
				188433EE15579FC10014C223 /* InfoPlist.strings in Resources */,
			);
			runOnlyForDeploymentPostprocessing = 0;
		};
/* End PBXResourcesBuildPhase section */

/* Begin PBXShellScriptBuildPhase section */
		188433DF15579FC10014C223 /* ShellScript */ = {
			isa = PBXShellScriptBuildPhase;
			buildActionMask = 2147483647;
			files = (
			);
			inputPaths = (
			);
			outputPaths = (
			);
			runOnlyForDeploymentPostprocessing = 0;
			shellPath = /bin/sh;
			shellScript = "# Run the unit tests in this test bundle.\n\"${SYSTEM_DEVELOPER_DIR}/Tools/RunUnitTests\"\n";
		};
/* End PBXShellScriptBuildPhase section */

/* Begin PBXSourcesBuildPhase section */
		188433BD15579FC10014C223 /* Sources */ = {
			isa = PBXSourcesBuildPhase;
			buildActionMask = 2147483647;
			files = (
				188433D415579FC10014C223 /* main.m in Sources */,
				188433D815579FC10014C223 /* CAppDelegate.m in Sources */,
				188433DB15579FC10014C223 /* WeatherMap.xcdatamodeld in Sources */,
				188433FF1557A0910014C223 /* CGlobals.m in Sources */,
				188434041557A1C10014C223 /* CMapViewController.m in Sources */,
				1884343D1557BB8D0014C223 /* CCommunicator.m in Sources */,
				1849DC971557D09800703F74 /* CForecastViewController.m in Sources */,
				1849DC9A1557E06C00703F74 /* CAnnotation.m in Sources */,
				1883B90C155907A900927338 /* CForecastView.m in Sources */,
			);
			runOnlyForDeploymentPostprocessing = 0;
		};
		188433DC15579FC10014C223 /* Sources */ = {
			isa = PBXSourcesBuildPhase;
			buildActionMask = 2147483647;
			files = (
				188433F115579FC10014C223 /* WeatherMapTests.m in Sources */,
				1884343C1557B5B60014C223 /* CCommunicator.m in Sources */,
			);
			runOnlyForDeploymentPostprocessing = 0;
		};
/* End PBXSourcesBuildPhase section */

/* Begin PBXTargetDependency section */
		188433E815579FC10014C223 /* PBXTargetDependency */ = {
			isa = PBXTargetDependency;
			target = 188433C015579FC10014C223 /* WeatherMap */;
			targetProxy = 188433E715579FC10014C223 /* PBXContainerItemProxy */;
		};
/* End PBXTargetDependency section */

/* Begin PBXVariantGroup section */
		188433D015579FC10014C223 /* InfoPlist.strings */ = {
			isa = PBXVariantGroup;
			children = (
				188433D115579FC10014C223 /* en */,
			);
			name = InfoPlist.strings;
			sourceTree = "<group>";
		};
		188433EC15579FC10014C223 /* InfoPlist.strings */ = {
			isa = PBXVariantGroup;
			children = (
				188433ED15579FC10014C223 /* en */,
			);
			name = InfoPlist.strings;
			sourceTree = "<group>";
		};
/* End PBXVariantGroup section */

/* Begin XCBuildConfiguration section */
		188433F215579FC10014C223 /* Debug */ = {
			isa = XCBuildConfiguration;
			buildSettings = {
				ALWAYS_SEARCH_USER_PATHS = NO;
				ARCHS = "$(ARCHS_STANDARD_32_BIT)";
				CLANG_ENABLE_OBJC_ARC = YES;
				"CODE_SIGN_IDENTITY[sdk=iphoneos*]" = "iPhone Developer";
				COPY_PHASE_STRIP = NO;
				GCC_C_LANGUAGE_STANDARD = gnu99;
				GCC_DYNAMIC_NO_PIC = NO;
				GCC_OPTIMIZATION_LEVEL = 0;
				GCC_PREPROCESSOR_DEFINITIONS = (
					"DEBUG=1",
					"$(inherited)",
				);
				GCC_SYMBOLS_PRIVATE_EXTERN = NO;
				GCC_VERSION = com.apple.compilers.llvm.clang.1_0;
				GCC_WARN_ABOUT_RETURN_TYPE = YES;
				GCC_WARN_UNINITIALIZED_AUTOS = YES;
				GCC_WARN_UNUSED_VARIABLE = YES;
				IPHONEOS_DEPLOYMENT_TARGET = 5.1;
				SDKROOT = iphoneos;
				TARGETED_DEVICE_FAMILY = "1,2";
			};
			name = Debug;
		};
		188433F315579FC10014C223 /* Release */ = {
			isa = XCBuildConfiguration;
			buildSettings = {
				ALWAYS_SEARCH_USER_PATHS = NO;
				ARCHS = "$(ARCHS_STANDARD_32_BIT)";
				CLANG_ENABLE_OBJC_ARC = YES;
				"CODE_SIGN_IDENTITY[sdk=iphoneos*]" = "iPhone Developer";
				COPY_PHASE_STRIP = YES;
				GCC_C_LANGUAGE_STANDARD = gnu99;
				GCC_VERSION = com.apple.compilers.llvm.clang.1_0;
				GCC_WARN_ABOUT_RETURN_TYPE = YES;
				GCC_WARN_UNINITIALIZED_AUTOS = YES;
				GCC_WARN_UNUSED_VARIABLE = YES;
				IPHONEOS_DEPLOYMENT_TARGET = 5.1;
				OTHER_CFLAGS = "-DNS_BLOCK_ASSERTIONS=1";
				SDKROOT = iphoneos;
				TARGETED_DEVICE_FAMILY = "1,2";
				VALIDATE_PRODUCT = YES;
			};
			name = Release;
		};
		188433F515579FC10014C223 /* Debug */ = {
			isa = XCBuildConfiguration;
			buildSettings = {
				GCC_PRECOMPILE_PREFIX_HEADER = YES;
				GCC_PREFIX_HEADER = "WeatherMap/WeatherMap-Prefix.pch";
				INFOPLIST_FILE = "WeatherMap/WeatherMap-Info.plist";
				IPHONEOS_DEPLOYMENT_TARGET = 4.3;
				PRODUCT_NAME = "$(TARGET_NAME)";
				WRAPPER_EXTENSION = app;
			};
			name = Debug;
		};
		188433F615579FC10014C223 /* Release */ = {
			isa = XCBuildConfiguration;
			buildSettings = {
				GCC_PRECOMPILE_PREFIX_HEADER = YES;
				GCC_PREFIX_HEADER = "WeatherMap/WeatherMap-Prefix.pch";
				INFOPLIST_FILE = "WeatherMap/WeatherMap-Info.plist";
				IPHONEOS_DEPLOYMENT_TARGET = 4.3;
				PRODUCT_NAME = "$(TARGET_NAME)";
				WRAPPER_EXTENSION = app;
			};
			name = Release;
		};
		188433F815579FC10014C223 /* Debug */ = {
			isa = XCBuildConfiguration;
			buildSettings = {
				BUNDLE_LOADER = "$(BUILT_PRODUCTS_DIR)/WeatherMap.app/WeatherMap";
				FRAMEWORK_SEARCH_PATHS = (
					"$(SDKROOT)/Developer/Library/Frameworks",
					"$(DEVELOPER_LIBRARY_DIR)/Frameworks",
				);
				GCC_PRECOMPILE_PREFIX_HEADER = YES;
				GCC_PREFIX_HEADER = "WeatherMap/WeatherMap-Prefix.pch";
				INFOPLIST_FILE = "WeatherMapTests/WeatherMapTests-Info.plist";
				PRODUCT_NAME = "$(TARGET_NAME)";
				TEST_HOST = "$(BUNDLE_LOADER)";
				WRAPPER_EXTENSION = octest;
			};
			name = Debug;
		};
		188433F915579FC10014C223 /* Release */ = {
			isa = XCBuildConfiguration;
			buildSettings = {
				BUNDLE_LOADER = "$(BUILT_PRODUCTS_DIR)/WeatherMap.app/WeatherMap";
				FRAMEWORK_SEARCH_PATHS = (
					"$(SDKROOT)/Developer/Library/Frameworks",
					"$(DEVELOPER_LIBRARY_DIR)/Frameworks",
				);
				GCC_PRECOMPILE_PREFIX_HEADER = YES;
				GCC_PREFIX_HEADER = "WeatherMap/WeatherMap-Prefix.pch";
				INFOPLIST_FILE = "WeatherMapTests/WeatherMapTests-Info.plist";
				PRODUCT_NAME = "$(TARGET_NAME)";
				TEST_HOST = "$(BUNDLE_LOADER)";
				WRAPPER_EXTENSION = octest;
			};
			name = Release;
		};
/* End XCBuildConfiguration section */

/* Begin XCConfigurationList section */
		188433BB15579FC10014C223 /* Build configuration list for PBXProject "WeatherMap" */ = {
			isa = XCConfigurationList;
			buildConfigurations = (
				188433F215579FC10014C223 /* Debug */,
				188433F315579FC10014C223 /* Release */,
			);
			defaultConfigurationIsVisible = 0;
			defaultConfigurationName = Release;
		};
		188433F415579FC10014C223 /* Build configuration list for PBXNativeTarget "WeatherMap" */ = {
			isa = XCConfigurationList;
			buildConfigurations = (
				188433F515579FC10014C223 /* Debug */,
				188433F615579FC10014C223 /* Release */,
			);
			defaultConfigurationIsVisible = 0;
			defaultConfigurationName = Release;
		};
		188433F715579FC10014C223 /* Build configuration list for PBXNativeTarget "WeatherMapTests" */ = {
			isa = XCConfigurationList;
			buildConfigurations = (
				188433F815579FC10014C223 /* Debug */,
				188433F915579FC10014C223 /* Release */,
			);
			defaultConfigurationIsVisible = 0;
			defaultConfigurationName = Release;
		};
/* End XCConfigurationList section */

/* Begin XCVersionGroup section */
		188433D915579FC10014C223 /* WeatherMap.xcdatamodeld */ = {
			isa = XCVersionGroup;
			children = (
				188433DA15579FC10014C223 /* WeatherMap.xcdatamodel */,
			);
			currentVersion = 188433DA15579FC10014C223 /* WeatherMap.xcdatamodel */;
			path = WeatherMap.xcdatamodeld;
			sourceTree = "<group>";
			versionGroupType = wrapper.xcdatamodel;
		};
/* End XCVersionGroup section */
	};
	rootObject = 188433B815579FC10014C223 /* Project object */;
}
